<?xml version="1.0" encoding="utf-8"?>
<Project ToolsVersion="4.0" xmlns="http://schemas.microsoft.com/developer/msbuild/2003">
  <ItemGroup>
    <Filter Include="源文件">
      <UniqueIdentifier>{4FC737F1-C7A5-4376-A066-2A32D752A2FF}</UniqueIdentifier>
      <Extensions>cpp;c;cc;cxx;c++;cppm;ixx;def;odl;idl;hpj;bat;asm;asmx</Extensions>
    </Filter>
    <Filter Include="资源文件">
      <UniqueIdentifier>{67DA6AB6-F800-4c08-8B7A-83BB121AAD01}</UniqueIdentifier>
      <Extensions>rc;ico;cur;bmp;dlg;rc2;rct;bin;rgs;gif;jpg;jpeg;jpe;resx;tiff;tif;png;wav;mfcribbon-ms</Extensions>
    </Filter>
    <Filter Include="源文件\Config">
      <UniqueIdentifier>{5814d933-b613-472c-878c-2cf7432e2a79}</UniqueIdentifier>
    </Filter>
    <Filter Include="源文件\Constant">
      <UniqueIdentifier>{cd4a5138-a5d3-40de-bd20-48715650b265}</UniqueIdentifier>
    </Filter>
    <Filter Include="源文件\UI">
      <UniqueIdentifier>{d1a00249-4ac7-4409-a493-7621660eb666}</UniqueIdentifier>
    </Filter>
    <Filter Include="源文件\Core">
      <UniqueIdentifier>{4eaa62cc-1ff3-4627-aeba-3e0382c1b3b1}</UniqueIdentifier>
    </Filter>
    <Filter Include="源文件\Util">
      <UniqueIdentifier>{754c8e34-54a0-4725-be2b-bac097eb0d59}</UniqueIdentifier>
    </Filter>
    <Filter Include="源文件\Model">
      <UniqueIdentifier>{d12f6e47-3c29-418f-aeb2-f3b9ddc0287d}</UniqueIdentifier>
    </Filter>
  </ItemGroup>
  <ItemGroup>
    <ClCompile Include="main.cpp">
      <Filter>源文件</Filter>
    </ClCompile>
    <ClCompile Include="config\ChaopySetting.cpp">
      <Filter>源文件\Config</Filter>
    </ClCompile>
    <ClCompile Include="UI\AppWindow.cpp">
      <Filter>源文件\UI</Filter>
    </ClCompile>
    <ClCompile Include="pch.cpp">
      <Filter>源文件</Filter>
    </ClCompile>
    <ClCompile Include="Core\ChaopyMonitor.cpp">
      <Filter>源文件\Core</Filter>
    </ClCompile>
    <ClCompile Include="Core\MonitorThread.cpp">
      <Filter>源文件\Core</Filter>
    </ClCompile>
  </ItemGroup>
  <ItemGroup>
    <ClInclude Include="Config\ChaopySetting.h">
      <Filter>源文件\Config</Filter>
    </ClInclude>
    <ClInclude Include="Constant\Constants.h">
      <Filter>源文件\Constant</Filter>
    </ClInclude>
    <ClInclude Include="version.h">
      <Filter>源文件</Filter>
    </ClInclude>
    <ClInclude Include="Config\ChaopyConfig.h">
      <Filter>源文件\Config</Filter>
    </ClInclude>
    <ClInclude Include="pch.h">
      <Filter>源文件</Filter>
    </ClInclude>
    <ClInclude Include="Core\ChaopyObserver.h">
      <Filter>源文件\Core</Filter>
    </ClInclude>
    <ClInclude Include="Util\StringUtil.h">
      <Filter>源文件\Util</Filter>
    </ClInclude>
    <ClInclude Include="Model\ChaopyModel.h">
      <Filter>源文件\Model</Filter>
    </ClInclude>
  </ItemGroup>
  <ItemGroup>
    <QtRcc Include="Res\resource.qrc">
      <Filter>资源文件</Filter>
    </QtRcc>
  </ItemGroup>
  <ItemGroup>
    <QtMoc Include="UI\AppWindow.h">
      <Filter>源文件\UI</Filter>
    </QtMoc>
    <QtMoc Include="Core\ChaopyMonitor.h">
      <Filter>源文件\Core</Filter>
    </QtMoc>
    <QtMoc Include="Core\MonitorThread.h">
      <Filter>源文件\Core</Filter>
    </QtMoc>
  </ItemGroup>
  <ItemGroup>
    <QtUic Include="UI\AppWindow.ui">
      <Filter>源文件\UI</Filter>
    </QtUic>
  </ItemGroup>
</Project>